{
  "name": "timetable",
  "version": "1.0.0",
  "lockfileVersion": 1,
  "requires": true,
  "dependencies": {
    "@types/node": {
      "version": "9.6.16",
      "resolved": "https://registry.npmjs.org/@types/node/-/node-9.6.16.tgz",
      "integrity": "sha512-fwUW7S8gaSVNpPa1XUdzI0URY71xqXsc90S9vKr2uFIUpVCKV+8ysnN9vvAFK8np4H03A7QGRkHpQvgah0964Q=="
    },
    "debug": {
      "version": "3.1.0",
      "resolved": "https://registry.npmjs.org/debug/-/debug-3.1.0.tgz",
      "integrity": "sha512-OX8XqP7/1a9cqkxYw2yXss15f26NKWBpDXQd0/uK/KPqdQhxbPa994hnzjcE2VqQpDslf55723cKPUOGSmMY3g==",
      "requires": {
        "ms": "2.0.0"
      }
    },
    "dotenv": {
      "version": "5.0.1",
      "resolved": "https://registry.npmjs.org/dotenv/-/dotenv-5.0.1.tgz",
      "integrity": "sha512-4As8uPrjfwb7VXC+WnLCbXK7y+Ueb2B3zgNCePYfhxS1PYeaO1YTeplffTEcbfLhvFNGLAz90VvJs9yomG7bow=="
    },
    "lodash": {
      "version": "4.17.10",
      "resolved": "https://registry.npmjs.org/lodash/-/lodash-4.17.10.tgz",
      "integrity": "sha512-UejweD1pDoXu+AD825lWwp4ZGtSwgnpZxb3JDViD7StjQz+Nb/6l093lx4OQ0foGWNRoc19mWy7BzL+UAK2iVg=="
    },
    "moment": {
      "version": "2.22.1",
      "resolved": "https://registry.npmjs.org/moment/-/moment-2.22.1.tgz",
      "integrity": "sha512-shJkRTSebXvsVqk56I+lkb2latjBs8I+pc2TzWc545y2iFnSjm7Wg0QMh+ZWcdSLQyGEau5jI8ocnmkyTgr9YQ=="
    },
    "ms": {
      "version": "2.0.0",
      "resolved": "https://registry.npmjs.org/ms/-/ms-2.0.0.tgz",
      "integrity": "sha1-VgiurfwAvmwpAd9fmGF4jeDVl8g="
    },
    "node-fetch": {
      "version": "2.1.2",
      "resolved": "https://registry.npmjs.org/node-fetch/-/node-fetch-2.1.2.tgz",
      "integrity": "sha1-q4hOjn5X44qUR1POxwb3iNF2i7U="
    },
    "sandwich-stream": {
      "version": "1.0.0",
      "resolved": "https://registry.npmjs.org/sandwich-stream/-/sandwich-stream-1.0.0.tgz",
      "integrity": "sha1-eDDkV5e1kzKH8fmyj4cZB0ViYvI="
    },
    "telegraf": {
      "version": "3.21.1",
      "resolved": "https://registry.npmjs.org/telegraf/-/telegraf-3.21.1.tgz",
      "integrity": "sha512-4NgICjuf+eVSNNcXf4nUzRasjK8wLwwDpN4AEpwsNy794drbAjH6NLoCVKaxyu+Z51hGlwK1UghMI+mA26ggJA==",
      "requires": {
        "@types/node": "9.6.16",
        "debug": "3.1.0",
        "node-fetch": "2.1.2",
        "sandwich-stream": "1.0.0",
        "telegram-typings": "3.6.1",
        "typescript": "2.8.3"
      }
    },
    "telegram": {
      "version": "0.2.0",
      "resolved": "https://registry.npmjs.org/telegram/-/telegram-0.2.0.tgz",
      "integrity": "sha1-E2QsuD6CpSDGI5M3+DKnfdGq2dA="
    },
    "telegram-typings": {
      "version": "3.6.1",
      "resolved": "https://registry.npmjs.org/telegram-typings/-/telegram-typings-3.6.1.tgz",
      "integrity": "sha512-njVv1EAhIZnmQVLocZEADYUyqA1WIXuVcDYlsp+mXua/XB0pxx+PKtMSPeZ/EE4wPWTw9h/hA9ASTT6yQelkiw=="
    },
    "time-stamp": {
      "version": "2.0.0",
      "resolved": "https://registry.npmjs.org/time-stamp/-/time-stamp-2.0.0.tgz",
      "integrity": "sha1-lcakRTDhW6jW9KPsuMOj+sRto1c="
    },
    "timediff": {
      "version": "1.1.1",
      "resolved": "https://registry.npmjs.org/timediff/-/timediff-1.1.1.tgz",
      "integrity": "sha1-ZkN6+bCUAicR596FDssAqfNAfTg=",
      "requires": {
        "moment": "2.22.1"
      }
    },
    "typescript": {
      "version": "2.8.3",
      "resolved": "https://registry.npmjs.org/typescript/-/typescript-2.8.3.tgz",
      "integrity": "sha512-K7g15Bb6Ra4lKf7Iq2l/I5/En+hLIHmxWZGq3D4DIRNFxMNV6j2SHSvDOqs2tGd4UvD/fJvrwopzQXjLrT7Itw=="
    }
  }
}
